
Microsoft Visual Studio Solution File, Format Version 12.00
# Visual Studio Version 17
Project("{8BC9CEB8-8B4A-11D0-8D11-00A0C91BC942}") = "ALL_BUILD", "ALL_BUILD.vcxproj", "{E0BC68D6-4EFB-323D-BC64-E73F73E55B4D}"
	ProjectSection(ProjectDependencies) = postProject
		{94660860-2198-3EC6-AAD4-A47EDD3ACF7B} = {94660860-2198-3EC6-AAD4-A47EDD3ACF7B}
		{10EAF4F4-7CFF-33FD-9282-3CB9E10342F1} = {10EAF4F4-7CFF-33FD-9282-3CB9E10342F1}
		{949653D6-EC92-3E39-8CE6-CF7630474D6C} = {949653D6-EC92-3E39-8CE6-CF7630474D6C}
		{F1FF3EBA-C6C6-3364-B10F-40C660705981} = {F1FF3EBA-C6C6-3364-B10F-40C660705981}
		{53AA220B-B403-380A-9874-D8345520F7FE} = {53AA220B-B403-380A-9874-D8345520F7FE}
		{A967F9A2-4138-3B2A-ADD1-FB668417C7A7} = {A967F9A2-4138-3B2A-ADD1-FB668417C7A7}
		{77D10DFF-C780-3048-B8FA-0E8F0E3D6D01} = {77D10DFF-C780-3048-B8FA-0E8F0E3D6D01}
		{878B3FC2-0B9E-319C-8FAD-1ECEA0FE43E2} = {878B3FC2-0B9E-319C-8FAD-1ECEA0FE43E2}
		{D5AA0370-2167-30C9-9230-8BFF778AEE6E} = {D5AA0370-2167-30C9-9230-8BFF778AEE6E}
		{E4C4CB19-2F44-3AC3-98A5-476D18BC3CBB} = {E4C4CB19-2F44-3AC3-98A5-476D18BC3CBB}
		{318FEAB3-8862-3C35-B5A8-5987039FB06A} = {318FEAB3-8862-3C35-B5A8-5987039FB06A}
		{882D68B7-B738-34BF-8880-A3DBD125567C} = {882D68B7-B738-34BF-8880-A3DBD125567C}
		{7D53976F-5EE1-3118-88B6-7C231637ED06} = {7D53976F-5EE1-3118-88B6-7C231637ED06}
		{6DDB169B-C14B-3A7F-A07A-E48C6C7D46D3} = {6DDB169B-C14B-3A7F-A07A-E48C6C7D46D3}
		{AD7343FF-06B0-3BC6-B261-1D80BC9620A9} = {AD7343FF-06B0-3BC6-B261-1D80BC9620A9}
		{27CC42C8-8ADC-3C6D-930C-46C83932BA4E} = {27CC42C8-8ADC-3C6D-930C-46C83932BA4E}
		{791FE9D0-EDC6-3E96-9E1E-EA842DA4F168} = {791FE9D0-EDC6-3E96-9E1E-EA842DA4F168}
		{BFCB06C7-DC94-370C-84A7-1CBE570C6307} = {BFCB06C7-DC94-370C-84A7-1CBE570C6307}
		{C64C0D6D-D72E-3A62-A3A7-FBA63A8E9B0B} = {C64C0D6D-D72E-3A62-A3A7-FBA63A8E9B0B}
		{CFE140EC-8C97-3DEE-9F9E-6BEAF7EF60EF} = {CFE140EC-8C97-3DEE-9F9E-6BEAF7EF60EF}
		{68E63ABB-DD61-3690-B986-F61B1A0C7068} = {68E63ABB-DD61-3690-B986-F61B1A0C7068}
		{A9E15371-753E-309A-B2ED-623E3C29DAD7} = {A9E15371-753E-309A-B2ED-623E3C29DAD7}
		{7D6BD1F5-B9A9-38DE-A26C-0E577369011E} = {7D6BD1F5-B9A9-38DE-A26C-0E577369011E}
		{43A5778A-63A3-3D27-A77A-804ED5C340E9} = {43A5778A-63A3-3D27-A77A-804ED5C340E9}
		{7509ACC6-F774-30DF-8FCE-C09BD085199D} = {7509ACC6-F774-30DF-8FCE-C09BD085199D}
		{5789C5EE-3E4E-3F7B-9B99-AF9DDA96EE7D} = {5789C5EE-3E4E-3F7B-9B99-AF9DDA96EE7D}
		{C472338A-B707-3DF4-8D8A-2C79BA7A6E0E} = {C472338A-B707-3DF4-8D8A-2C79BA7A6E0E}
		{06C1E6D3-DA4F-3CC8-9692-006D8DF88F8B} = {06C1E6D3-DA4F-3CC8-9692-006D8DF88F8B}
		{9158F73C-6557-3B5D-8AB7-DC36F2B1485E} = {9158F73C-6557-3B5D-8AB7-DC36F2B1485E}
		{5E49718A-7456-3CA1-8CA6-7C99F5524A6A} = {5E49718A-7456-3CA1-8CA6-7C99F5524A6A}
		{D07117C7-6A1A-33ED-9369-B645F7760F92} = {D07117C7-6A1A-33ED-9369-B645F7760F92}
		{E9221E8C-B62F-3DEA-A282-0A1537E971C6} = {E9221E8C-B62F-3DEA-A282-0A1537E971C6}
		{2C59541E-E6AF-3182-9D3A-A37BA2D93C8C} = {2C59541E-E6AF-3182-9D3A-A37BA2D93C8C}
		{94B0505E-75C5-3FA4-9D1B-5036FA43873A} = {94B0505E-75C5-3FA4-9D1B-5036FA43873A}
		{C3050042-AC58-30EF-A08A-54063B514368} = {C3050042-AC58-30EF-A08A-54063B514368}
		{E59A2BBF-AD0C-373B-B6D4-5232B26EBFDB} = {E59A2BBF-AD0C-373B-B6D4-5232B26EBFDB}
		{01540D3C-D6FE-3E9C-A398-B23E9675FEFE} = {01540D3C-D6FE-3E9C-A398-B23E9675FEFE}
	EndProjectSection
EndProject
Project("{8BC9CEB8-8B4A-11D0-8D11-00A0C91BC942}") = "3dview", "3dview.vcxproj", "{94660860-2198-3EC6-AAD4-A47EDD3ACF7B}"
	ProjectSection(ProjectDependencies) = postProject
		{7D53976F-5EE1-3118-88B6-7C231637ED06} = {7D53976F-5EE1-3118-88B6-7C231637ED06}
		{6DDB169B-C14B-3A7F-A07A-E48C6C7D46D3} = {6DDB169B-C14B-3A7F-A07A-E48C6C7D46D3}
	EndProjectSection
EndProject
Project("{8BC9CEB8-8B4A-11D0-8D11-00A0C91BC942}") = "3dview_static", "3dview_static.vcxproj", "{10EAF4F4-7CFF-33FD-9282-3CB9E10342F1}"
	ProjectSection(ProjectDependencies) = postProject
		{7D53976F-5EE1-3118-88B6-7C231637ED06} = {7D53976F-5EE1-3118-88B6-7C231637ED06}
		{AD7343FF-06B0-3BC6-B261-1D80BC9620A9} = {AD7343FF-06B0-3BC6-B261-1D80BC9620A9}
	EndProjectSection
EndProject
Project("{8BC9CEB8-8B4A-11D0-8D11-00A0C91BC942}") = "CallbackMaker", "CallbackMaker.vcxproj", "{949653D6-EC92-3E39-8CE6-CF7630474D6C}"
	ProjectSection(ProjectDependencies) = postProject
		{7D53976F-5EE1-3118-88B6-7C231637ED06} = {7D53976F-5EE1-3118-88B6-7C231637ED06}
		{6DDB169B-C14B-3A7F-A07A-E48C6C7D46D3} = {6DDB169B-C14B-3A7F-A07A-E48C6C7D46D3}
	EndProjectSection
EndProject
Project("{8BC9CEB8-8B4A-11D0-8D11-00A0C91BC942}") = "CallbackMaker_static", "CallbackMaker_static.vcxproj", "{F1FF3EBA-C6C6-3364-B10F-40C660705981}"
	ProjectSection(ProjectDependencies) = postProject
		{7D53976F-5EE1-3118-88B6-7C231637ED06} = {7D53976F-5EE1-3118-88B6-7C231637ED06}
		{AD7343FF-06B0-3BC6-B261-1D80BC9620A9} = {AD7343FF-06B0-3BC6-B261-1D80BC9620A9}
	EndProjectSection
EndProject
Project("{8BC9CEB8-8B4A-11D0-8D11-00A0C91BC942}") = "Fractals", "Fractals.vcxproj", "{53AA220B-B403-380A-9874-D8345520F7FE}"
	ProjectSection(ProjectDependencies) = postProject
		{7D53976F-5EE1-3118-88B6-7C231637ED06} = {7D53976F-5EE1-3118-88B6-7C231637ED06}
		{6DDB169B-C14B-3A7F-A07A-E48C6C7D46D3} = {6DDB169B-C14B-3A7F-A07A-E48C6C7D46D3}
	EndProjectSection
EndProject
Project("{8BC9CEB8-8B4A-11D0-8D11-00A0C91BC942}") = "Fractals_random", "Fractals_random.vcxproj", "{A967F9A2-4138-3B2A-ADD1-FB668417C7A7}"
	ProjectSection(ProjectDependencies) = postProject
		{7D53976F-5EE1-3118-88B6-7C231637ED06} = {7D53976F-5EE1-3118-88B6-7C231637ED06}
		{6DDB169B-C14B-3A7F-A07A-E48C6C7D46D3} = {6DDB169B-C14B-3A7F-A07A-E48C6C7D46D3}
	EndProjectSection
EndProject
Project("{8BC9CEB8-8B4A-11D0-8D11-00A0C91BC942}") = "Fractals_random_static", "Fractals_random_static.vcxproj", "{77D10DFF-C780-3048-B8FA-0E8F0E3D6D01}"
	ProjectSection(ProjectDependencies) = postProject
		{7D53976F-5EE1-3118-88B6-7C231637ED06} = {7D53976F-5EE1-3118-88B6-7C231637ED06}
		{AD7343FF-06B0-3BC6-B261-1D80BC9620A9} = {AD7343FF-06B0-3BC6-B261-1D80BC9620A9}
	EndProjectSection
EndProject
Project("{8BC9CEB8-8B4A-11D0-8D11-00A0C91BC942}") = "Fractals_static", "Fractals_static.vcxproj", "{878B3FC2-0B9E-319C-8FAD-1ECEA0FE43E2}"
	ProjectSection(ProjectDependencies) = postProject
		{7D53976F-5EE1-3118-88B6-7C231637ED06} = {7D53976F-5EE1-3118-88B6-7C231637ED06}
		{AD7343FF-06B0-3BC6-B261-1D80BC9620A9} = {AD7343FF-06B0-3BC6-B261-1D80BC9620A9}
	EndProjectSection
EndProject
Project("{8BC9CEB8-8B4A-11D0-8D11-00A0C91BC942}") = "INSTALL", "INSTALL.vcxproj", "{EF51F5F5-1461-3451-A030-CD21647F6D79}"
	ProjectSection(ProjectDependencies) = postProject
		{E0BC68D6-4EFB-323D-BC64-E73F73E55B4D} = {E0BC68D6-4EFB-323D-BC64-E73F73E55B4D}
		{7D53976F-5EE1-3118-88B6-7C231637ED06} = {7D53976F-5EE1-3118-88B6-7C231637ED06}
	EndProjectSection
EndProject
Project("{8BC9CEB8-8B4A-11D0-8D11-00A0C91BC942}") = "Lorenz", "Lorenz.vcxproj", "{D5AA0370-2167-30C9-9230-8BFF778AEE6E}"
	ProjectSection(ProjectDependencies) = postProject
		{7D53976F-5EE1-3118-88B6-7C231637ED06} = {7D53976F-5EE1-3118-88B6-7C231637ED06}
		{6DDB169B-C14B-3A7F-A07A-E48C6C7D46D3} = {6DDB169B-C14B-3A7F-A07A-E48C6C7D46D3}
	EndProjectSection
EndProject
Project("{8BC9CEB8-8B4A-11D0-8D11-00A0C91BC942}") = "Lorenz_static", "Lorenz_static.vcxproj", "{E4C4CB19-2F44-3AC3-98A5-476D18BC3CBB}"
	ProjectSection(ProjectDependencies) = postProject
		{7D53976F-5EE1-3118-88B6-7C231637ED06} = {7D53976F-5EE1-3118-88B6-7C231637ED06}
		{AD7343FF-06B0-3BC6-B261-1D80BC9620A9} = {AD7343FF-06B0-3BC6-B261-1D80BC9620A9}
	EndProjectSection
EndProject
Project("{8BC9CEB8-8B4A-11D0-8D11-00A0C91BC942}") = "One", "One.vcxproj", "{318FEAB3-8862-3C35-B5A8-5987039FB06A}"
	ProjectSection(ProjectDependencies) = postProject
		{7D53976F-5EE1-3118-88B6-7C231637ED06} = {7D53976F-5EE1-3118-88B6-7C231637ED06}
		{6DDB169B-C14B-3A7F-A07A-E48C6C7D46D3} = {6DDB169B-C14B-3A7F-A07A-E48C6C7D46D3}
	EndProjectSection
EndProject
Project("{8BC9CEB8-8B4A-11D0-8D11-00A0C91BC942}") = "One_static", "One_static.vcxproj", "{882D68B7-B738-34BF-8880-A3DBD125567C}"
	ProjectSection(ProjectDependencies) = postProject
		{7D53976F-5EE1-3118-88B6-7C231637ED06} = {7D53976F-5EE1-3118-88B6-7C231637ED06}
		{AD7343FF-06B0-3BC6-B261-1D80BC9620A9} = {AD7343FF-06B0-3BC6-B261-1D80BC9620A9}
	EndProjectSection
EndProject
Project("{8BC9CEB8-8B4A-11D0-8D11-00A0C91BC942}") = "ZERO_CHECK", "ZERO_CHECK.vcxproj", "{7D53976F-5EE1-3118-88B6-7C231637ED06}"
	ProjectSection(ProjectDependencies) = postProject
	EndProjectSection
EndProject
Project("{8BC9CEB8-8B4A-11D0-8D11-00A0C91BC942}") = "freeglut", "freeglut.vcxproj", "{6DDB169B-C14B-3A7F-A07A-E48C6C7D46D3}"
	ProjectSection(ProjectDependencies) = postProject
		{7D53976F-5EE1-3118-88B6-7C231637ED06} = {7D53976F-5EE1-3118-88B6-7C231637ED06}
	EndProjectSection
EndProject
Project("{8BC9CEB8-8B4A-11D0-8D11-00A0C91BC942}") = "freeglut_static", "freeglut_static.vcxproj", "{AD7343FF-06B0-3BC6-B261-1D80BC9620A9}"
	ProjectSection(ProjectDependencies) = postProject
		{7D53976F-5EE1-3118-88B6-7C231637ED06} = {7D53976F-5EE1-3118-88B6-7C231637ED06}
	EndProjectSection
EndProject
Project("{8BC9CEB8-8B4A-11D0-8D11-00A0C91BC942}") = "indexed_color", "indexed_color.vcxproj", "{27CC42C8-8ADC-3C6D-930C-46C83932BA4E}"
	ProjectSection(ProjectDependencies) = postProject
		{7D53976F-5EE1-3118-88B6-7C231637ED06} = {7D53976F-5EE1-3118-88B6-7C231637ED06}
		{6DDB169B-C14B-3A7F-A07A-E48C6C7D46D3} = {6DDB169B-C14B-3A7F-A07A-E48C6C7D46D3}
	EndProjectSection
EndProject
Project("{8BC9CEB8-8B4A-11D0-8D11-00A0C91BC942}") = "indexed_color_static", "indexed_color_static.vcxproj", "{791FE9D0-EDC6-3E96-9E1E-EA842DA4F168}"
	ProjectSection(ProjectDependencies) = postProject
		{7D53976F-5EE1-3118-88B6-7C231637ED06} = {7D53976F-5EE1-3118-88B6-7C231637ED06}
		{AD7343FF-06B0-3BC6-B261-1D80BC9620A9} = {AD7343FF-06B0-3BC6-B261-1D80BC9620A9}
	EndProjectSection
EndProject
Project("{8BC9CEB8-8B4A-11D0-8D11-00A0C91BC942}") = "joystick", "joystick.vcxproj", "{BFCB06C7-DC94-370C-84A7-1CBE570C6307}"
	ProjectSection(ProjectDependencies) = postProject
		{7D53976F-5EE1-3118-88B6-7C231637ED06} = {7D53976F-5EE1-3118-88B6-7C231637ED06}
		{6DDB169B-C14B-3A7F-A07A-E48C6C7D46D3} = {6DDB169B-C14B-3A7F-A07A-E48C6C7D46D3}
	EndProjectSection
EndProject
Project("{8BC9CEB8-8B4A-11D0-8D11-00A0C91BC942}") = "joystick_static", "joystick_static.vcxproj", "{C64C0D6D-D72E-3A62-A3A7-FBA63A8E9B0B}"
	ProjectSection(ProjectDependencies) = postProject
		{7D53976F-5EE1-3118-88B6-7C231637ED06} = {7D53976F-5EE1-3118-88B6-7C231637ED06}
		{AD7343FF-06B0-3BC6-B261-1D80BC9620A9} = {AD7343FF-06B0-3BC6-B261-1D80BC9620A9}
	EndProjectSection
EndProject
Project("{8BC9CEB8-8B4A-11D0-8D11-00A0C91BC942}") = "keyboard", "keyboard.vcxproj", "{CFE140EC-8C97-3DEE-9F9E-6BEAF7EF60EF}"
	ProjectSection(ProjectDependencies) = postProject
		{7D53976F-5EE1-3118-88B6-7C231637ED06} = {7D53976F-5EE1-3118-88B6-7C231637ED06}
		{6DDB169B-C14B-3A7F-A07A-E48C6C7D46D3} = {6DDB169B-C14B-3A7F-A07A-E48C6C7D46D3}
	EndProjectSection
EndProject
Project("{8BC9CEB8-8B4A-11D0-8D11-00A0C91BC942}") = "keyboard_static", "keyboard_static.vcxproj", "{68E63ABB-DD61-3690-B986-F61B1A0C7068}"
	ProjectSection(ProjectDependencies) = postProject
		{7D53976F-5EE1-3118-88B6-7C231637ED06} = {7D53976F-5EE1-3118-88B6-7C231637ED06}
		{AD7343FF-06B0-3BC6-B261-1D80BC9620A9} = {AD7343FF-06B0-3BC6-B261-1D80BC9620A9}
	EndProjectSection
EndProject
Project("{8BC9CEB8-8B4A-11D0-8D11-00A0C91BC942}") = "multi-touch", "multi-touch.vcxproj", "{A9E15371-753E-309A-B2ED-623E3C29DAD7}"
	ProjectSection(ProjectDependencies) = postProject
		{7D53976F-5EE1-3118-88B6-7C231637ED06} = {7D53976F-5EE1-3118-88B6-7C231637ED06}
		{6DDB169B-C14B-3A7F-A07A-E48C6C7D46D3} = {6DDB169B-C14B-3A7F-A07A-E48C6C7D46D3}
	EndProjectSection
EndProject
Project("{8BC9CEB8-8B4A-11D0-8D11-00A0C91BC942}") = "multi-touch_static", "multi-touch_static.vcxproj", "{7D6BD1F5-B9A9-38DE-A26C-0E577369011E}"
	ProjectSection(ProjectDependencies) = postProject
		{7D53976F-5EE1-3118-88B6-7C231637ED06} = {7D53976F-5EE1-3118-88B6-7C231637ED06}
		{AD7343FF-06B0-3BC6-B261-1D80BC9620A9} = {AD7343FF-06B0-3BC6-B261-1D80BC9620A9}
	EndProjectSection
EndProject
Project("{8BC9CEB8-8B4A-11D0-8D11-00A0C91BC942}") = "resizer", "resizer.vcxproj", "{43A5778A-63A3-3D27-A77A-804ED5C340E9}"
	ProjectSection(ProjectDependencies) = postProject
		{7D53976F-5EE1-3118-88B6-7C231637ED06} = {7D53976F-5EE1-3118-88B6-7C231637ED06}
		{6DDB169B-C14B-3A7F-A07A-E48C6C7D46D3} = {6DDB169B-C14B-3A7F-A07A-E48C6C7D46D3}
	EndProjectSection
EndProject
Project("{8BC9CEB8-8B4A-11D0-8D11-00A0C91BC942}") = "resizer_static", "resizer_static.vcxproj", "{7509ACC6-F774-30DF-8FCE-C09BD085199D}"
	ProjectSection(ProjectDependencies) = postProject
		{7D53976F-5EE1-3118-88B6-7C231637ED06} = {7D53976F-5EE1-3118-88B6-7C231637ED06}
		{AD7343FF-06B0-3BC6-B261-1D80BC9620A9} = {AD7343FF-06B0-3BC6-B261-1D80BC9620A9}
	EndProjectSection
EndProject
Project("{8BC9CEB8-8B4A-11D0-8D11-00A0C91BC942}") = "shapes", "shapes.vcxproj", "{5789C5EE-3E4E-3F7B-9B99-AF9DDA96EE7D}"
	ProjectSection(ProjectDependencies) = postProject
		{7D53976F-5EE1-3118-88B6-7C231637ED06} = {7D53976F-5EE1-3118-88B6-7C231637ED06}
		{6DDB169B-C14B-3A7F-A07A-E48C6C7D46D3} = {6DDB169B-C14B-3A7F-A07A-E48C6C7D46D3}
	EndProjectSection
EndProject
Project("{8BC9CEB8-8B4A-11D0-8D11-00A0C91BC942}") = "shapes_static", "shapes_static.vcxproj", "{C472338A-B707-3DF4-8D8A-2C79BA7A6E0E}"
	ProjectSection(ProjectDependencies) = postProject
		{7D53976F-5EE1-3118-88B6-7C231637ED06} = {7D53976F-5EE1-3118-88B6-7C231637ED06}
		{AD7343FF-06B0-3BC6-B261-1D80BC9620A9} = {AD7343FF-06B0-3BC6-B261-1D80BC9620A9}
	EndProjectSection
EndProject
Project("{8BC9CEB8-8B4A-11D0-8D11-00A0C91BC942}") = "smooth_opengl3", "smooth_opengl3.vcxproj", "{06C1E6D3-DA4F-3CC8-9692-006D8DF88F8B}"
	ProjectSection(ProjectDependencies) = postProject
		{7D53976F-5EE1-3118-88B6-7C231637ED06} = {7D53976F-5EE1-3118-88B6-7C231637ED06}
		{6DDB169B-C14B-3A7F-A07A-E48C6C7D46D3} = {6DDB169B-C14B-3A7F-A07A-E48C6C7D46D3}
	EndProjectSection
EndProject
Project("{8BC9CEB8-8B4A-11D0-8D11-00A0C91BC942}") = "smooth_opengl3_static", "smooth_opengl3_static.vcxproj", "{9158F73C-6557-3B5D-8AB7-DC36F2B1485E}"
	ProjectSection(ProjectDependencies) = postProject
		{7D53976F-5EE1-3118-88B6-7C231637ED06} = {7D53976F-5EE1-3118-88B6-7C231637ED06}
		{AD7343FF-06B0-3BC6-B261-1D80BC9620A9} = {AD7343FF-06B0-3BC6-B261-1D80BC9620A9}
	EndProjectSection
EndProject
Project("{8BC9CEB8-8B4A-11D0-8D11-00A0C91BC942}") = "spaceball", "spaceball.vcxproj", "{5E49718A-7456-3CA1-8CA6-7C99F5524A6A}"
	ProjectSection(ProjectDependencies) = postProject
		{7D53976F-5EE1-3118-88B6-7C231637ED06} = {7D53976F-5EE1-3118-88B6-7C231637ED06}
		{6DDB169B-C14B-3A7F-A07A-E48C6C7D46D3} = {6DDB169B-C14B-3A7F-A07A-E48C6C7D46D3}
	EndProjectSection
EndProject
Project("{8BC9CEB8-8B4A-11D0-8D11-00A0C91BC942}") = "spaceball_static", "spaceball_static.vcxproj", "{D07117C7-6A1A-33ED-9369-B645F7760F92}"
	ProjectSection(ProjectDependencies) = postProject
		{7D53976F-5EE1-3118-88B6-7C231637ED06} = {7D53976F-5EE1-3118-88B6-7C231637ED06}
		{AD7343FF-06B0-3BC6-B261-1D80BC9620A9} = {AD7343FF-06B0-3BC6-B261-1D80BC9620A9}
	EndProjectSection
EndProject
Project("{8BC9CEB8-8B4A-11D0-8D11-00A0C91BC942}") = "subwin", "subwin.vcxproj", "{E9221E8C-B62F-3DEA-A282-0A1537E971C6}"
	ProjectSection(ProjectDependencies) = postProject
		{7D53976F-5EE1-3118-88B6-7C231637ED06} = {7D53976F-5EE1-3118-88B6-7C231637ED06}
		{6DDB169B-C14B-3A7F-A07A-E48C6C7D46D3} = {6DDB169B-C14B-3A7F-A07A-E48C6C7D46D3}
	EndProjectSection
EndProject
Project("{8BC9CEB8-8B4A-11D0-8D11-00A0C91BC942}") = "subwin_static", "subwin_static.vcxproj", "{2C59541E-E6AF-3182-9D3A-A37BA2D93C8C}"
	ProjectSection(ProjectDependencies) = postProject
		{7D53976F-5EE1-3118-88B6-7C231637ED06} = {7D53976F-5EE1-3118-88B6-7C231637ED06}
		{AD7343FF-06B0-3BC6-B261-1D80BC9620A9} = {AD7343FF-06B0-3BC6-B261-1D80BC9620A9}
	EndProjectSection
EndProject
Project("{8BC9CEB8-8B4A-11D0-8D11-00A0C91BC942}") = "timer", "timer.vcxproj", "{94B0505E-75C5-3FA4-9D1B-5036FA43873A}"
	ProjectSection(ProjectDependencies) = postProject
		{7D53976F-5EE1-3118-88B6-7C231637ED06} = {7D53976F-5EE1-3118-88B6-7C231637ED06}
		{6DDB169B-C14B-3A7F-A07A-E48C6C7D46D3} = {6DDB169B-C14B-3A7F-A07A-E48C6C7D46D3}
	EndProjectSection
EndProject
Project("{8BC9CEB8-8B4A-11D0-8D11-00A0C91BC942}") = "timer_callback", "timer_callback.vcxproj", "{C3050042-AC58-30EF-A08A-54063B514368}"
	ProjectSection(ProjectDependencies) = postProject
		{7D53976F-5EE1-3118-88B6-7C231637ED06} = {7D53976F-5EE1-3118-88B6-7C231637ED06}
		{6DDB169B-C14B-3A7F-A07A-E48C6C7D46D3} = {6DDB169B-C14B-3A7F-A07A-E48C6C7D46D3}
	EndProjectSection
EndProject
Project("{8BC9CEB8-8B4A-11D0-8D11-00A0C91BC942}") = "timer_callback_static", "timer_callback_static.vcxproj", "{E59A2BBF-AD0C-373B-B6D4-5232B26EBFDB}"
	ProjectSection(ProjectDependencies) = postProject
		{7D53976F-5EE1-3118-88B6-7C231637ED06} = {7D53976F-5EE1-3118-88B6-7C231637ED06}
		{AD7343FF-06B0-3BC6-B261-1D80BC9620A9} = {AD7343FF-06B0-3BC6-B261-1D80BC9620A9}
	EndProjectSection
EndProject
Project("{8BC9CEB8-8B4A-11D0-8D11-00A0C91BC942}") = "timer_static", "timer_static.vcxproj", "{01540D3C-D6FE-3E9C-A398-B23E9675FEFE}"
	ProjectSection(ProjectDependencies) = postProject
		{7D53976F-5EE1-3118-88B6-7C231637ED06} = {7D53976F-5EE1-3118-88B6-7C231637ED06}
		{AD7343FF-06B0-3BC6-B261-1D80BC9620A9} = {AD7343FF-06B0-3BC6-B261-1D80BC9620A9}
	EndProjectSection
EndProject
Global
	GlobalSection(SolutionConfigurationPlatforms) = preSolution
		Debug|x64 = Debug|x64
		Release|x64 = Release|x64
		MinSizeRel|x64 = MinSizeRel|x64
		RelWithDebInfo|x64 = RelWithDebInfo|x64
	EndGlobalSection
	GlobalSection(ProjectConfigurationPlatforms) = postSolution
		{E0BC68D6-4EFB-323D-BC64-E73F73E55B4D}.Debug|x64.ActiveCfg = Debug|x64
		{E0BC68D6-4EFB-323D-BC64-E73F73E55B4D}.Debug|x64.Build.0 = Debug|x64
		{E0BC68D6-4EFB-323D-BC64-E73F73E55B4D}.Release|x64.ActiveCfg = Release|x64
		{E0BC68D6-4EFB-323D-BC64-E73F73E55B4D}.Release|x64.Build.0 = Release|x64
		{E0BC68D6-4EFB-323D-BC64-E73F73E55B4D}.MinSizeRel|x64.ActiveCfg = MinSizeRel|x64
		{E0BC68D6-4EFB-323D-BC64-E73F73E55B4D}.MinSizeRel|x64.Build.0 = MinSizeRel|x64
		{E0BC68D6-4EFB-323D-BC64-E73F73E55B4D}.RelWithDebInfo|x64.ActiveCfg = RelWithDebInfo|x64
		{E0BC68D6-4EFB-323D-BC64-E73F73E55B4D}.RelWithDebInfo|x64.Build.0 = RelWithDebInfo|x64
		{94660860-2198-3EC6-AAD4-A47EDD3ACF7B}.Debug|x64.ActiveCfg = Debug|x64
		{94660860-2198-3EC6-AAD4-A47EDD3ACF7B}.Debug|x64.Build.0 = Debug|x64
		{94660860-2198-3EC6-AAD4-A47EDD3ACF7B}.Release|x64.ActiveCfg = Release|x64
		{94660860-2198-3EC6-AAD4-A47EDD3ACF7B}.Release|x64.Build.0 = Release|x64
		{94660860-2198-3EC6-AAD4-A47EDD3ACF7B}.MinSizeRel|x64.ActiveCfg = MinSizeRel|x64
		{94660860-2198-3EC6-AAD4-A47EDD3ACF7B}.MinSizeRel|x64.Build.0 = MinSizeRel|x64
		{94660860-2198-3EC6-AAD4-A47EDD3ACF7B}.RelWithDebInfo|x64.ActiveCfg = RelWithDebInfo|x64
		{94660860-2198-3EC6-AAD4-A47EDD3ACF7B}.RelWithDebInfo|x64.Build.0 = RelWithDebInfo|x64
		{10EAF4F4-7CFF-33FD-9282-3CB9E10342F1}.Debug|x64.ActiveCfg = Debug|x64
		{10EAF4F4-7CFF-33FD-9282-3CB9E10342F1}.Debug|x64.Build.0 = Debug|x64
		{10EAF4F4-7CFF-33FD-9282-3CB9E10342F1}.Release|x64.ActiveCfg = Release|x64
		{10EAF4F4-7CFF-33FD-9282-3CB9E10342F1}.Release|x64.Build.0 = Release|x64
		{10EAF4F4-7CFF-33FD-9282-3CB9E10342F1}.MinSizeRel|x64.ActiveCfg = MinSizeRel|x64
		{10EAF4F4-7CFF-33FD-9282-3CB9E10342F1}.MinSizeRel|x64.Build.0 = MinSizeRel|x64
		{10EAF4F4-7CFF-33FD-9282-3CB9E10342F1}.RelWithDebInfo|x64.ActiveCfg = RelWithDebInfo|x64
		{10EAF4F4-7CFF-33FD-9282-3CB9E10342F1}.RelWithDebInfo|x64.Build.0 = RelWithDebInfo|x64
		{949653D6-EC92-3E39-8CE6-CF7630474D6C}.Debug|x64.ActiveCfg = Debug|x64
		{949653D6-EC92-3E39-8CE6-CF7630474D6C}.Debug|x64.Build.0 = Debug|x64
		{949653D6-EC92-3E39-8CE6-CF7630474D6C}.Release|x64.ActiveCfg = Release|x64
		{949653D6-EC92-3E39-8CE6-CF7630474D6C}.Release|x64.Build.0 = Release|x64
		{949653D6-EC92-3E39-8CE6-CF7630474D6C}.MinSizeRel|x64.ActiveCfg = MinSizeRel|x64
		{949653D6-EC92-3E39-8CE6-CF7630474D6C}.MinSizeRel|x64.Build.0 = MinSizeRel|x64
		{949653D6-EC92-3E39-8CE6-CF7630474D6C}.RelWithDebInfo|x64.ActiveCfg = RelWithDebInfo|x64
		{949653D6-EC92-3E39-8CE6-CF7630474D6C}.RelWithDebInfo|x64.Build.0 = RelWithDebInfo|x64
		{F1FF3EBA-C6C6-3364-B10F-40C660705981}.Debug|x64.ActiveCfg = Debug|x64
		{F1FF3EBA-C6C6-3364-B10F-40C660705981}.Debug|x64.Build.0 = Debug|x64
		{F1FF3EBA-C6C6-3364-B10F-40C660705981}.Release|x64.ActiveCfg = Release|x64
		{F1FF3EBA-C6C6-3364-B10F-40C660705981}.Release|x64.Build.0 = Release|x64
		{F1FF3EBA-C6C6-3364-B10F-40C660705981}.MinSizeRel|x64.ActiveCfg = MinSizeRel|x64
		{F1FF3EBA-C6C6-3364-B10F-40C660705981}.MinSizeRel|x64.Build.0 = MinSizeRel|x64
		{F1FF3EBA-C6C6-3364-B10F-40C660705981}.RelWithDebInfo|x64.ActiveCfg = RelWithDebInfo|x64
		{F1FF3EBA-C6C6-3364-B10F-40C660705981}.RelWithDebInfo|x64.Build.0 = RelWithDebInfo|x64
		{53AA220B-B403-380A-9874-D8345520F7FE}.Debug|x64.ActiveCfg = Debug|x64
		{53AA220B-B403-380A-9874-D8345520F7FE}.Debug|x64.Build.0 = Debug|x64
		{53AA220B-B403-380A-9874-D8345520F7FE}.Release|x64.ActiveCfg = Release|x64
		{53AA220B-B403-380A-9874-D8345520F7FE}.Release|x64.Build.0 = Release|x64
		{53AA220B-B403-380A-9874-D8345520F7FE}.MinSizeRel|x64.ActiveCfg = MinSizeRel|x64
		{53AA220B-B403-380A-9874-D8345520F7FE}.MinSizeRel|x64.Build.0 = MinSizeRel|x64
		{53AA220B-B403-380A-9874-D8345520F7FE}.RelWithDebInfo|x64.ActiveCfg = RelWithDebInfo|x64
		{53AA220B-B403-380A-9874-D8345520F7FE}.RelWithDebInfo|x64.Build.0 = RelWithDebInfo|x64
		{A967F9A2-4138-3B2A-ADD1-FB668417C7A7}.Debug|x64.ActiveCfg = Debug|x64
		{A967F9A2-4138-3B2A-ADD1-FB668417C7A7}.Debug|x64.Build.0 = Debug|x64
		{A967F9A2-4138-3B2A-ADD1-FB668417C7A7}.Release|x64.ActiveCfg = Release|x64
		{A967F9A2-4138-3B2A-ADD1-FB668417C7A7}.Release|x64.Build.0 = Release|x64
		{A967F9A2-4138-3B2A-ADD1-FB668417C7A7}.MinSizeRel|x64.ActiveCfg = MinSizeRel|x64
		{A967F9A2-4138-3B2A-ADD1-FB668417C7A7}.MinSizeRel|x64.Build.0 = MinSizeRel|x64
		{A967F9A2-4138-3B2A-ADD1-FB668417C7A7}.RelWithDebInfo|x64.ActiveCfg = RelWithDebInfo|x64
		{A967F9A2-4138-3B2A-ADD1-FB668417C7A7}.RelWithDebInfo|x64.Build.0 = RelWithDebInfo|x64
		{77D10DFF-C780-3048-B8FA-0E8F0E3D6D01}.Debug|x64.ActiveCfg = Debug|x64
		{77D10DFF-C780-3048-B8FA-0E8F0E3D6D01}.Debug|x64.Build.0 = Debug|x64
		{77D10DFF-C780-3048-B8FA-0E8F0E3D6D01}.Release|x64.ActiveCfg = Release|x64
		{77D10DFF-C780-3048-B8FA-0E8F0E3D6D01}.Release|x64.Build.0 = Release|x64
		{77D10DFF-C780-3048-B8FA-0E8F0E3D6D01}.MinSizeRel|x64.ActiveCfg = MinSizeRel|x64
		{77D10DFF-C780-3048-B8FA-0E8F0E3D6D01}.MinSizeRel|x64.Build.0 = MinSizeRel|x64
		{77D10DFF-C780-3048-B8FA-0E8F0E3D6D01}.RelWithDebInfo|x64.ActiveCfg = RelWithDebInfo|x64
		{77D10DFF-C780-3048-B8FA-0E8F0E3D6D01}.RelWithDebInfo|x64.Build.0 = RelWithDebInfo|x64
		{878B3FC2-0B9E-319C-8FAD-1ECEA0FE43E2}.Debug|x64.ActiveCfg = Debug|x64
		{878B3FC2-0B9E-319C-8FAD-1ECEA0FE43E2}.Debug|x64.Build.0 = Debug|x64
		{878B3FC2-0B9E-319C-8FAD-1ECEA0FE43E2}.Release|x64.ActiveCfg = Release|x64
		{878B3FC2-0B9E-319C-8FAD-1ECEA0FE43E2}.Release|x64.Build.0 = Release|x64
		{878B3FC2-0B9E-319C-8FAD-1ECEA0FE43E2}.MinSizeRel|x64.ActiveCfg = MinSizeRel|x64
		{878B3FC2-0B9E-319C-8FAD-1ECEA0FE43E2}.MinSizeRel|x64.Build.0 = MinSizeRel|x64
		{878B3FC2-0B9E-319C-8FAD-1ECEA0FE43E2}.RelWithDebInfo|x64.ActiveCfg = RelWithDebInfo|x64
		{878B3FC2-0B9E-319C-8FAD-1ECEA0FE43E2}.RelWithDebInfo|x64.Build.0 = RelWithDebInfo|x64
		{EF51F5F5-1461-3451-A030-CD21647F6D79}.Debug|x64.ActiveCfg = Debug|x64
		{EF51F5F5-1461-3451-A030-CD21647F6D79}.Release|x64.ActiveCfg = Release|x64
		{EF51F5F5-1461-3451-A030-CD21647F6D79}.MinSizeRel|x64.ActiveCfg = MinSizeRel|x64
		{EF51F5F5-1461-3451-A030-CD21647F6D79}.RelWithDebInfo|x64.ActiveCfg = RelWithDebInfo|x64
		{D5AA0370-2167-30C9-9230-8BFF778AEE6E}.Debug|x64.ActiveCfg = Debug|x64
		{D5AA0370-2167-30C9-9230-8BFF778AEE6E}.Debug|x64.Build.0 = Debug|x64
		{D5AA0370-2167-30C9-9230-8BFF778AEE6E}.Release|x64.ActiveCfg = Release|x64
		{D5AA0370-2167-30C9-9230-8BFF778AEE6E}.Release|x64.Build.0 = Release|x64
		{D5AA0370-2167-30C9-9230-8BFF778AEE6E}.MinSizeRel|x64.ActiveCfg = MinSizeRel|x64
		{D5AA0370-2167-30C9-9230-8BFF778AEE6E}.MinSizeRel|x64.Build.0 = MinSizeRel|x64
		{D5AA0370-2167-30C9-9230-8BFF778AEE6E}.RelWithDebInfo|x64.ActiveCfg = RelWithDebInfo|x64
		{D5AA0370-2167-30C9-9230-8BFF778AEE6E}.RelWithDebInfo|x64.Build.0 = RelWithDebInfo|x64
		{E4C4CB19-2F44-3AC3-98A5-476D18BC3CBB}.Debug|x64.ActiveCfg = Debug|x64
		{E4C4CB19-2F44-3AC3-98A5-476D18BC3CBB}.Debug|x64.Build.0 = Debug|x64
		{E4C4CB19-2F44-3AC3-98A5-476D18BC3CBB}.Release|x64.ActiveCfg = Release|x64
		{E4C4CB19-2F44-3AC3-98A5-476D18BC3CBB}.Release|x64.Build.0 = Release|x64
		{E4C4CB19-2F44-3AC3-98A5-476D18BC3CBB}.MinSizeRel|x64.ActiveCfg = MinSizeRel|x64
		{E4C4CB19-2F44-3AC3-98A5-476D18BC3CBB}.MinSizeRel|x64.Build.0 = MinSizeRel|x64
		{E4C4CB19-2F44-3AC3-98A5-476D18BC3CBB}.RelWithDebInfo|x64.ActiveCfg = RelWithDebInfo|x64
		{E4C4CB19-2F44-3AC3-98A5-476D18BC3CBB}.RelWithDebInfo|x64.Build.0 = RelWithDebInfo|x64
		{318FEAB3-8862-3C35-B5A8-5987039FB06A}.Debug|x64.ActiveCfg = Debug|x64
		{318FEAB3-8862-3C35-B5A8-5987039FB06A}.Debug|x64.Build.0 = Debug|x64
		{318FEAB3-8862-3C35-B5A8-5987039FB06A}.Release|x64.ActiveCfg = Release|x64
		{318FEAB3-8862-3C35-B5A8-5987039FB06A}.Release|x64.Build.0 = Release|x64
		{318FEAB3-8862-3C35-B5A8-5987039FB06A}.MinSizeRel|x64.ActiveCfg = MinSizeRel|x64
		{318FEAB3-8862-3C35-B5A8-5987039FB06A}.MinSizeRel|x64.Build.0 = MinSizeRel|x64
		{318FEAB3-8862-3C35-B5A8-5987039FB06A}.RelWithDebInfo|x64.ActiveCfg = RelWithDebInfo|x64
		{318FEAB3-8862-3C35-B5A8-5987039FB06A}.RelWithDebInfo|x64.Build.0 = RelWithDebInfo|x64
		{882D68B7-B738-34BF-8880-A3DBD125567C}.Debug|x64.ActiveCfg = Debug|x64
		{882D68B7-B738-34BF-8880-A3DBD125567C}.Debug|x64.Build.0 = Debug|x64
		{882D68B7-B738-34BF-8880-A3DBD125567C}.Release|x64.ActiveCfg = Release|x64
		{882D68B7-B738-34BF-8880-A3DBD125567C}.Release|x64.Build.0 = Release|x64
		{882D68B7-B738-34BF-8880-A3DBD125567C}.MinSizeRel|x64.ActiveCfg = MinSizeRel|x64
		{882D68B7-B738-34BF-8880-A3DBD125567C}.MinSizeRel|x64.Build.0 = MinSizeRel|x64
		{882D68B7-B738-34BF-8880-A3DBD125567C}.RelWithDebInfo|x64.ActiveCfg = RelWithDebInfo|x64
		{882D68B7-B738-34BF-8880-A3DBD125567C}.RelWithDebInfo|x64.Build.0 = RelWithDebInfo|x64
		{7D53976F-5EE1-3118-88B6-7C231637ED06}.Debug|x64.ActiveCfg = Debug|x64
		{7D53976F-5EE1-3118-88B6-7C231637ED06}.Debug|x64.Build.0 = Debug|x64
		{7D53976F-5EE1-3118-88B6-7C231637ED06}.Release|x64.ActiveCfg = Release|x64
		{7D53976F-5EE1-3118-88B6-7C231637ED06}.Release|x64.Build.0 = Release|x64
		{7D53976F-5EE1-3118-88B6-7C231637ED06}.MinSizeRel|x64.ActiveCfg = MinSizeRel|x64
		{7D53976F-5EE1-3118-88B6-7C231637ED06}.MinSizeRel|x64.Build.0 = MinSizeRel|x64
		{7D53976F-5EE1-3118-88B6-7C231637ED06}.RelWithDebInfo|x64.ActiveCfg = RelWithDebInfo|x64
		{7D53976F-5EE1-3118-88B6-7C231637ED06}.RelWithDebInfo|x64.Build.0 = RelWithDebInfo|x64
		{6DDB169B-C14B-3A7F-A07A-E48C6C7D46D3}.Debug|x64.ActiveCfg = Debug|x64
		{6DDB169B-C14B-3A7F-A07A-E48C6C7D46D3}.Debug|x64.Build.0 = Debug|x64
		{6DDB169B-C14B-3A7F-A07A-E48C6C7D46D3}.Release|x64.ActiveCfg = Release|x64
		{6DDB169B-C14B-3A7F-A07A-E48C6C7D46D3}.Release|x64.Build.0 = Release|x64
		{6DDB169B-C14B-3A7F-A07A-E48C6C7D46D3}.MinSizeRel|x64.ActiveCfg = MinSizeRel|x64
		{6DDB169B-C14B-3A7F-A07A-E48C6C7D46D3}.MinSizeRel|x64.Build.0 = MinSizeRel|x64
		{6DDB169B-C14B-3A7F-A07A-E48C6C7D46D3}.RelWithDebInfo|x64.ActiveCfg = RelWithDebInfo|x64
		{6DDB169B-C14B-3A7F-A07A-E48C6C7D46D3}.RelWithDebInfo|x64.Build.0 = RelWithDebInfo|x64
		{AD7343FF-06B0-3BC6-B261-1D80BC9620A9}.Debug|x64.ActiveCfg = Debug|x64
		{AD7343FF-06B0-3BC6-B261-1D80BC9620A9}.Debug|x64.Build.0 = Debug|x64
		{AD7343FF-06B0-3BC6-B261-1D80BC9620A9}.Release|x64.ActiveCfg = Release|x64
		{AD7343FF-06B0-3BC6-B261-1D80BC9620A9}.Release|x64.Build.0 = Release|x64
		{AD7343FF-06B0-3BC6-B261-1D80BC9620A9}.MinSizeRel|x64.ActiveCfg = MinSizeRel|x64
		{AD7343FF-06B0-3BC6-B261-1D80BC9620A9}.MinSizeRel|x64.Build.0 = MinSizeRel|x64
		{AD7343FF-06B0-3BC6-B261-1D80BC9620A9}.RelWithDebInfo|x64.ActiveCfg = RelWithDebInfo|x64
		{AD7343FF-06B0-3BC6-B261-1D80BC9620A9}.RelWithDebInfo|x64.Build.0 = RelWithDebInfo|x64
		{27CC42C8-8ADC-3C6D-930C-46C83932BA4E}.Debug|x64.ActiveCfg = Debug|x64
		{27CC42C8-8ADC-3C6D-930C-46C83932BA4E}.Debug|x64.Build.0 = Debug|x64
		{27CC42C8-8ADC-3C6D-930C-46C83932BA4E}.Release|x64.ActiveCfg = Release|x64
		{27CC42C8-8ADC-3C6D-930C-46C83932BA4E}.Release|x64.Build.0 = Release|x64
		{27CC42C8-8ADC-3C6D-930C-46C83932BA4E}.MinSizeRel|x64.ActiveCfg = MinSizeRel|x64
		{27CC42C8-8ADC-3C6D-930C-46C83932BA4E}.MinSizeRel|x64.Build.0 = MinSizeRel|x64
		{27CC42C8-8ADC-3C6D-930C-46C83932BA4E}.RelWithDebInfo|x64.ActiveCfg = RelWithDebInfo|x64
		{27CC42C8-8ADC-3C6D-930C-46C83932BA4E}.RelWithDebInfo|x64.Build.0 = RelWithDebInfo|x64
		{791FE9D0-EDC6-3E96-9E1E-EA842DA4F168}.Debug|x64.ActiveCfg = Debug|x64
		{791FE9D0-EDC6-3E96-9E1E-EA842DA4F168}.Debug|x64.Build.0 = Debug|x64
		{791FE9D0-EDC6-3E96-9E1E-EA842DA4F168}.Release|x64.ActiveCfg = Release|x64
		{791FE9D0-EDC6-3E96-9E1E-EA842DA4F168}.Release|x64.Build.0 = Release|x64
		{791FE9D0-EDC6-3E96-9E1E-EA842DA4F168}.MinSizeRel|x64.ActiveCfg = MinSizeRel|x64
		{791FE9D0-EDC6-3E96-9E1E-EA842DA4F168}.MinSizeRel|x64.Build.0 = MinSizeRel|x64
		{791FE9D0-EDC6-3E96-9E1E-EA842DA4F168}.RelWithDebInfo|x64.ActiveCfg = RelWithDebInfo|x64
		{791FE9D0-EDC6-3E96-9E1E-EA842DA4F168}.RelWithDebInfo|x64.Build.0 = RelWithDebInfo|x64
		{BFCB06C7-DC94-370C-84A7-1CBE570C6307}.Debug|x64.ActiveCfg = Debug|x64
		{BFCB06C7-DC94-370C-84A7-1CBE570C6307}.Debug|x64.Build.0 = Debug|x64
		{BFCB06C7-DC94-370C-84A7-1CBE570C6307}.Release|x64.ActiveCfg = Release|x64
		{BFCB06C7-DC94-370C-84A7-1CBE570C6307}.Release|x64.Build.0 = Release|x64
		{BFCB06C7-DC94-370C-84A7-1CBE570C6307}.MinSizeRel|x64.ActiveCfg = MinSizeRel|x64
		{BFCB06C7-DC94-370C-84A7-1CBE570C6307}.MinSizeRel|x64.Build.0 = MinSizeRel|x64
		{BFCB06C7-DC94-370C-84A7-1CBE570C6307}.RelWithDebInfo|x64.ActiveCfg = RelWithDebInfo|x64
		{BFCB06C7-DC94-370C-84A7-1CBE570C6307}.RelWithDebInfo|x64.Build.0 = RelWithDebInfo|x64
		{C64C0D6D-D72E-3A62-A3A7-FBA63A8E9B0B}.Debug|x64.ActiveCfg = Debug|x64
		{C64C0D6D-D72E-3A62-A3A7-FBA63A8E9B0B}.Debug|x64.Build.0 = Debug|x64
		{C64C0D6D-D72E-3A62-A3A7-FBA63A8E9B0B}.Release|x64.ActiveCfg = Release|x64
		{C64C0D6D-D72E-3A62-A3A7-FBA63A8E9B0B}.Release|x64.Build.0 = Release|x64
		{C64C0D6D-D72E-3A62-A3A7-FBA63A8E9B0B}.MinSizeRel|x64.ActiveCfg = MinSizeRel|x64
		{C64C0D6D-D72E-3A62-A3A7-FBA63A8E9B0B}.MinSizeRel|x64.Build.0 = MinSizeRel|x64
		{C64C0D6D-D72E-3A62-A3A7-FBA63A8E9B0B}.RelWithDebInfo|x64.ActiveCfg = RelWithDebInfo|x64
		{C64C0D6D-D72E-3A62-A3A7-FBA63A8E9B0B}.RelWithDebInfo|x64.Build.0 = RelWithDebInfo|x64
		{CFE140EC-8C97-3DEE-9F9E-6BEAF7EF60EF}.Debug|x64.ActiveCfg = Debug|x64
		{CFE140EC-8C97-3DEE-9F9E-6BEAF7EF60EF}.Debug|x64.Build.0 = Debug|x64
		{CFE140EC-8C97-3DEE-9F9E-6BEAF7EF60EF}.Release|x64.ActiveCfg = Release|x64
		{CFE140EC-8C97-3DEE-9F9E-6BEAF7EF60EF}.Release|x64.Build.0 = Release|x64
		{CFE140EC-8C97-3DEE-9F9E-6BEAF7EF60EF}.MinSizeRel|x64.ActiveCfg = MinSizeRel|x64
		{CFE140EC-8C97-3DEE-9F9E-6BEAF7EF60EF}.MinSizeRel|x64.Build.0 = MinSizeRel|x64
		{CFE140EC-8C97-3DEE-9F9E-6BEAF7EF60EF}.RelWithDebInfo|x64.ActiveCfg = RelWithDebInfo|x64
		{CFE140EC-8C97-3DEE-9F9E-6BEAF7EF60EF}.RelWithDebInfo|x64.Build.0 = RelWithDebInfo|x64
		{68E63ABB-DD61-3690-B986-F61B1A0C7068}.Debug|x64.ActiveCfg = Debug|x64
		{68E63ABB-DD61-3690-B986-F61B1A0C7068}.Debug|x64.Build.0 = Debug|x64
		{68E63ABB-DD61-3690-B986-F61B1A0C7068}.Release|x64.ActiveCfg = Release|x64
		{68E63ABB-DD61-3690-B986-F61B1A0C7068}.Release|x64.Build.0 = Release|x64
		{68E63ABB-DD61-3690-B986-F61B1A0C7068}.MinSizeRel|x64.ActiveCfg = MinSizeRel|x64
		{68E63ABB-DD61-3690-B986-F61B1A0C7068}.MinSizeRel|x64.Build.0 = MinSizeRel|x64
		{68E63ABB-DD61-3690-B986-F61B1A0C7068}.RelWithDebInfo|x64.ActiveCfg = RelWithDebInfo|x64
		{68E63ABB-DD61-3690-B986-F61B1A0C7068}.RelWithDebInfo|x64.Build.0 = RelWithDebInfo|x64
		{A9E15371-753E-309A-B2ED-623E3C29DAD7}.Debug|x64.ActiveCfg = Debug|x64
		{A9E15371-753E-309A-B2ED-623E3C29DAD7}.Debug|x64.Build.0 = Debug|x64
		{A9E15371-753E-309A-B2ED-623E3C29DAD7}.Release|x64.ActiveCfg = Release|x64
		{A9E15371-753E-309A-B2ED-623E3C29DAD7}.Release|x64.Build.0 = Release|x64
		{A9E15371-753E-309A-B2ED-623E3C29DAD7}.MinSizeRel|x64.ActiveCfg = MinSizeRel|x64
		{A9E15371-753E-309A-B2ED-623E3C29DAD7}.MinSizeRel|x64.Build.0 = MinSizeRel|x64
		{A9E15371-753E-309A-B2ED-623E3C29DAD7}.RelWithDebInfo|x64.ActiveCfg = RelWithDebInfo|x64
		{A9E15371-753E-309A-B2ED-623E3C29DAD7}.RelWithDebInfo|x64.Build.0 = RelWithDebInfo|x64
		{7D6BD1F5-B9A9-38DE-A26C-0E577369011E}.Debug|x64.ActiveCfg = Debug|x64
		{7D6BD1F5-B9A9-38DE-A26C-0E577369011E}.Debug|x64.Build.0 = Debug|x64
		{7D6BD1F5-B9A9-38DE-A26C-0E577369011E}.Release|x64.ActiveCfg = Release|x64
		{7D6BD1F5-B9A9-38DE-A26C-0E577369011E}.Release|x64.Build.0 = Release|x64
		{7D6BD1F5-B9A9-38DE-A26C-0E577369011E}.MinSizeRel|x64.ActiveCfg = MinSizeRel|x64
		{7D6BD1F5-B9A9-38DE-A26C-0E577369011E}.MinSizeRel|x64.Build.0 = MinSizeRel|x64
		{7D6BD1F5-B9A9-38DE-A26C-0E577369011E}.RelWithDebInfo|x64.ActiveCfg = RelWithDebInfo|x64
		{7D6BD1F5-B9A9-38DE-A26C-0E577369011E}.RelWithDebInfo|x64.Build.0 = RelWithDebInfo|x64
		{43A5778A-63A3-3D27-A77A-804ED5C340E9}.Debug|x64.ActiveCfg = Debug|x64
		{43A5778A-63A3-3D27-A77A-804ED5C340E9}.Debug|x64.Build.0 = Debug|x64
		{43A5778A-63A3-3D27-A77A-804ED5C340E9}.Release|x64.ActiveCfg = Release|x64
		{43A5778A-63A3-3D27-A77A-804ED5C340E9}.Release|x64.Build.0 = Release|x64
		{43A5778A-63A3-3D27-A77A-804ED5C340E9}.MinSizeRel|x64.ActiveCfg = MinSizeRel|x64
		{43A5778A-63A3-3D27-A77A-804ED5C340E9}.MinSizeRel|x64.Build.0 = MinSizeRel|x64
		{43A5778A-63A3-3D27-A77A-804ED5C340E9}.RelWithDebInfo|x64.ActiveCfg = RelWithDebInfo|x64
		{43A5778A-63A3-3D27-A77A-804ED5C340E9}.RelWithDebInfo|x64.Build.0 = RelWithDebInfo|x64
		{7509ACC6-F774-30DF-8FCE-C09BD085199D}.Debug|x64.ActiveCfg = Debug|x64
		{7509ACC6-F774-30DF-8FCE-C09BD085199D}.Debug|x64.Build.0 = Debug|x64
		{7509ACC6-F774-30DF-8FCE-C09BD085199D}.Release|x64.ActiveCfg = Release|x64
		{7509ACC6-F774-30DF-8FCE-C09BD085199D}.Release|x64.Build.0 = Release|x64
		{7509ACC6-F774-30DF-8FCE-C09BD085199D}.MinSizeRel|x64.ActiveCfg = MinSizeRel|x64
		{7509ACC6-F774-30DF-8FCE-C09BD085199D}.MinSizeRel|x64.Build.0 = MinSizeRel|x64
		{7509ACC6-F774-30DF-8FCE-C09BD085199D}.RelWithDebInfo|x64.ActiveCfg = RelWithDebInfo|x64
		{7509ACC6-F774-30DF-8FCE-C09BD085199D}.RelWithDebInfo|x64.Build.0 = RelWithDebInfo|x64
		{5789C5EE-3E4E-3F7B-9B99-AF9DDA96EE7D}.Debug|x64.ActiveCfg = Debug|x64
		{5789C5EE-3E4E-3F7B-9B99-AF9DDA96EE7D}.Debug|x64.Build.0 = Debug|x64
		{5789C5EE-3E4E-3F7B-9B99-AF9DDA96EE7D}.Release|x64.ActiveCfg = Release|x64
		{5789C5EE-3E4E-3F7B-9B99-AF9DDA96EE7D}.Release|x64.Build.0 = Release|x64
		{5789C5EE-3E4E-3F7B-9B99-AF9DDA96EE7D}.MinSizeRel|x64.ActiveCfg = MinSizeRel|x64
		{5789C5EE-3E4E-3F7B-9B99-AF9DDA96EE7D}.MinSizeRel|x64.Build.0 = MinSizeRel|x64
		{5789C5EE-3E4E-3F7B-9B99-AF9DDA96EE7D}.RelWithDebInfo|x64.ActiveCfg = RelWithDebInfo|x64
		{5789C5EE-3E4E-3F7B-9B99-AF9DDA96EE7D}.RelWithDebInfo|x64.Build.0 = RelWithDebInfo|x64
		{C472338A-B707-3DF4-8D8A-2C79BA7A6E0E}.Debug|x64.ActiveCfg = Debug|x64
		{C472338A-B707-3DF4-8D8A-2C79BA7A6E0E}.Debug|x64.Build.0 = Debug|x64
		{C472338A-B707-3DF4-8D8A-2C79BA7A6E0E}.Release|x64.ActiveCfg = Release|x64
		{C472338A-B707-3DF4-8D8A-2C79BA7A6E0E}.Release|x64.Build.0 = Release|x64
		{C472338A-B707-3DF4-8D8A-2C79BA7A6E0E}.MinSizeRel|x64.ActiveCfg = MinSizeRel|x64
		{C472338A-B707-3DF4-8D8A-2C79BA7A6E0E}.MinSizeRel|x64.Build.0 = MinSizeRel|x64
		{C472338A-B707-3DF4-8D8A-2C79BA7A6E0E}.RelWithDebInfo|x64.ActiveCfg = RelWithDebInfo|x64
		{C472338A-B707-3DF4-8D8A-2C79BA7A6E0E}.RelWithDebInfo|x64.Build.0 = RelWithDebInfo|x64
		{06C1E6D3-DA4F-3CC8-9692-006D8DF88F8B}.Debug|x64.ActiveCfg = Debug|x64
		{06C1E6D3-DA4F-3CC8-9692-006D8DF88F8B}.Debug|x64.Build.0 = Debug|x64
		{06C1E6D3-DA4F-3CC8-9692-006D8DF88F8B}.Release|x64.ActiveCfg = Release|x64
		{06C1E6D3-DA4F-3CC8-9692-006D8DF88F8B}.Release|x64.Build.0 = Release|x64
		{06C1E6D3-DA4F-3CC8-9692-006D8DF88F8B}.MinSizeRel|x64.ActiveCfg = MinSizeRel|x64
		{06C1E6D3-DA4F-3CC8-9692-006D8DF88F8B}.MinSizeRel|x64.Build.0 = MinSizeRel|x64
		{06C1E6D3-DA4F-3CC8-9692-006D8DF88F8B}.RelWithDebInfo|x64.ActiveCfg = RelWithDebInfo|x64
		{06C1E6D3-DA4F-3CC8-9692-006D8DF88F8B}.RelWithDebInfo|x64.Build.0 = RelWithDebInfo|x64
		{9158F73C-6557-3B5D-8AB7-DC36F2B1485E}.Debug|x64.ActiveCfg = Debug|x64
		{9158F73C-6557-3B5D-8AB7-DC36F2B1485E}.Debug|x64.Build.0 = Debug|x64
		{9158F73C-6557-3B5D-8AB7-DC36F2B1485E}.Release|x64.ActiveCfg = Release|x64
		{9158F73C-6557-3B5D-8AB7-DC36F2B1485E}.Release|x64.Build.0 = Release|x64
		{9158F73C-6557-3B5D-8AB7-DC36F2B1485E}.MinSizeRel|x64.ActiveCfg = MinSizeRel|x64
		{9158F73C-6557-3B5D-8AB7-DC36F2B1485E}.MinSizeRel|x64.Build.0 = MinSizeRel|x64
		{9158F73C-6557-3B5D-8AB7-DC36F2B1485E}.RelWithDebInfo|x64.ActiveCfg = RelWithDebInfo|x64
		{9158F73C-6557-3B5D-8AB7-DC36F2B1485E}.RelWithDebInfo|x64.Build.0 = RelWithDebInfo|x64
		{5E49718A-7456-3CA1-8CA6-7C99F5524A6A}.Debug|x64.ActiveCfg = Debug|x64
		{5E49718A-7456-3CA1-8CA6-7C99F5524A6A}.Debug|x64.Build.0 = Debug|x64
		{5E49718A-7456-3CA1-8CA6-7C99F5524A6A}.Release|x64.ActiveCfg = Release|x64
		{5E49718A-7456-3CA1-8CA6-7C99F5524A6A}.Release|x64.Build.0 = Release|x64
		{5E49718A-7456-3CA1-8CA6-7C99F5524A6A}.MinSizeRel|x64.ActiveCfg = MinSizeRel|x64
		{5E49718A-7456-3CA1-8CA6-7C99F5524A6A}.MinSizeRel|x64.Build.0 = MinSizeRel|x64
		{5E49718A-7456-3CA1-8CA6-7C99F5524A6A}.RelWithDebInfo|x64.ActiveCfg = RelWithDebInfo|x64
		{5E49718A-7456-3CA1-8CA6-7C99F5524A6A}.RelWithDebInfo|x64.Build.0 = RelWithDebInfo|x64
		{D07117C7-6A1A-33ED-9369-B645F7760F92}.Debug|x64.ActiveCfg = Debug|x64
		{D07117C7-6A1A-33ED-9369-B645F7760F92}.Debug|x64.Build.0 = Debug|x64
		{D07117C7-6A1A-33ED-9369-B645F7760F92}.Release|x64.ActiveCfg = Release|x64
		{D07117C7-6A1A-33ED-9369-B645F7760F92}.Release|x64.Build.0 = Release|x64
		{D07117C7-6A1A-33ED-9369-B645F7760F92}.MinSizeRel|x64.ActiveCfg = MinSizeRel|x64
		{D07117C7-6A1A-33ED-9369-B645F7760F92}.MinSizeRel|x64.Build.0 = MinSizeRel|x64
		{D07117C7-6A1A-33ED-9369-B645F7760F92}.RelWithDebInfo|x64.ActiveCfg = RelWithDebInfo|x64
		{D07117C7-6A1A-33ED-9369-B645F7760F92}.RelWithDebInfo|x64.Build.0 = RelWithDebInfo|x64
		{E9221E8C-B62F-3DEA-A282-0A1537E971C6}.Debug|x64.ActiveCfg = Debug|x64
		{E9221E8C-B62F-3DEA-A282-0A1537E971C6}.Debug|x64.Build.0 = Debug|x64
		{E9221E8C-B62F-3DEA-A282-0A1537E971C6}.Release|x64.ActiveCfg = Release|x64
		{E9221E8C-B62F-3DEA-A282-0A1537E971C6}.Release|x64.Build.0 = Release|x64
		{E9221E8C-B62F-3DEA-A282-0A1537E971C6}.MinSizeRel|x64.ActiveCfg = MinSizeRel|x64
		{E9221E8C-B62F-3DEA-A282-0A1537E971C6}.MinSizeRel|x64.Build.0 = MinSizeRel|x64
		{E9221E8C-B62F-3DEA-A282-0A1537E971C6}.RelWithDebInfo|x64.ActiveCfg = RelWithDebInfo|x64
		{E9221E8C-B62F-3DEA-A282-0A1537E971C6}.RelWithDebInfo|x64.Build.0 = RelWithDebInfo|x64
		{2C59541E-E6AF-3182-9D3A-A37BA2D93C8C}.Debug|x64.ActiveCfg = Debug|x64
		{2C59541E-E6AF-3182-9D3A-A37BA2D93C8C}.Debug|x64.Build.0 = Debug|x64
		{2C59541E-E6AF-3182-9D3A-A37BA2D93C8C}.Release|x64.ActiveCfg = Release|x64
		{2C59541E-E6AF-3182-9D3A-A37BA2D93C8C}.Release|x64.Build.0 = Release|x64
		{2C59541E-E6AF-3182-9D3A-A37BA2D93C8C}.MinSizeRel|x64.ActiveCfg = MinSizeRel|x64
		{2C59541E-E6AF-3182-9D3A-A37BA2D93C8C}.MinSizeRel|x64.Build.0 = MinSizeRel|x64
		{2C59541E-E6AF-3182-9D3A-A37BA2D93C8C}.RelWithDebInfo|x64.ActiveCfg = RelWithDebInfo|x64
		{2C59541E-E6AF-3182-9D3A-A37BA2D93C8C}.RelWithDebInfo|x64.Build.0 = RelWithDebInfo|x64
		{94B0505E-75C5-3FA4-9D1B-5036FA43873A}.Debug|x64.ActiveCfg = Debug|x64
		{94B0505E-75C5-3FA4-9D1B-5036FA43873A}.Debug|x64.Build.0 = Debug|x64
		{94B0505E-75C5-3FA4-9D1B-5036FA43873A}.Release|x64.ActiveCfg = Release|x64
		{94B0505E-75C5-3FA4-9D1B-5036FA43873A}.Release|x64.Build.0 = Release|x64
		{94B0505E-75C5-3FA4-9D1B-5036FA43873A}.MinSizeRel|x64.ActiveCfg = MinSizeRel|x64
		{94B0505E-75C5-3FA4-9D1B-5036FA43873A}.MinSizeRel|x64.Build.0 = MinSizeRel|x64
		{94B0505E-75C5-3FA4-9D1B-5036FA43873A}.RelWithDebInfo|x64.ActiveCfg = RelWithDebInfo|x64
		{94B0505E-75C5-3FA4-9D1B-5036FA43873A}.RelWithDebInfo|x64.Build.0 = RelWithDebInfo|x64
		{C3050042-AC58-30EF-A08A-54063B514368}.Debug|x64.ActiveCfg = Debug|x64
		{C3050042-AC58-30EF-A08A-54063B514368}.Debug|x64.Build.0 = Debug|x64
		{C3050042-AC58-30EF-A08A-54063B514368}.Release|x64.ActiveCfg = Release|x64
		{C3050042-AC58-30EF-A08A-54063B514368}.Release|x64.Build.0 = Release|x64
		{C3050042-AC58-30EF-A08A-54063B514368}.MinSizeRel|x64.ActiveCfg = MinSizeRel|x64
		{C3050042-AC58-30EF-A08A-54063B514368}.MinSizeRel|x64.Build.0 = MinSizeRel|x64
		{C3050042-AC58-30EF-A08A-54063B514368}.RelWithDebInfo|x64.ActiveCfg = RelWithDebInfo|x64
		{C3050042-AC58-30EF-A08A-54063B514368}.RelWithDebInfo|x64.Build.0 = RelWithDebInfo|x64
		{E59A2BBF-AD0C-373B-B6D4-5232B26EBFDB}.Debug|x64.ActiveCfg = Debug|x64
		{E59A2BBF-AD0C-373B-B6D4-5232B26EBFDB}.Debug|x64.Build.0 = Debug|x64
		{E59A2BBF-AD0C-373B-B6D4-5232B26EBFDB}.Release|x64.ActiveCfg = Release|x64
		{E59A2BBF-AD0C-373B-B6D4-5232B26EBFDB}.Release|x64.Build.0 = Release|x64
		{E59A2BBF-AD0C-373B-B6D4-5232B26EBFDB}.MinSizeRel|x64.ActiveCfg = MinSizeRel|x64
		{E59A2BBF-AD0C-373B-B6D4-5232B26EBFDB}.MinSizeRel|x64.Build.0 = MinSizeRel|x64
		{E59A2BBF-AD0C-373B-B6D4-5232B26EBFDB}.RelWithDebInfo|x64.ActiveCfg = RelWithDebInfo|x64
		{E59A2BBF-AD0C-373B-B6D4-5232B26EBFDB}.RelWithDebInfo|x64.Build.0 = RelWithDebInfo|x64
		{01540D3C-D6FE-3E9C-A398-B23E9675FEFE}.Debug|x64.ActiveCfg = Debug|x64
		{01540D3C-D6FE-3E9C-A398-B23E9675FEFE}.Debug|x64.Build.0 = Debug|x64
		{01540D3C-D6FE-3E9C-A398-B23E9675FEFE}.Release|x64.ActiveCfg = Release|x64
		{01540D3C-D6FE-3E9C-A398-B23E9675FEFE}.Release|x64.Build.0 = Release|x64
		{01540D3C-D6FE-3E9C-A398-B23E9675FEFE}.MinSizeRel|x64.ActiveCfg = MinSizeRel|x64
		{01540D3C-D6FE-3E9C-A398-B23E9675FEFE}.MinSizeRel|x64.Build.0 = MinSizeRel|x64
		{01540D3C-D6FE-3E9C-A398-B23E9675FEFE}.RelWithDebInfo|x64.ActiveCfg = RelWithDebInfo|x64
		{01540D3C-D6FE-3E9C-A398-B23E9675FEFE}.RelWithDebInfo|x64.Build.0 = RelWithDebInfo|x64
	EndGlobalSection
	GlobalSection(ExtensibilityGlobals) = postSolution
		SolutionGuid = {7F75DAE3-FC61-3D13-A9B9-9BA90F4EE734}
	EndGlobalSection
	GlobalSection(ExtensibilityAddIns) = postSolution
	EndGlobalSection
EndGlobal
